// !$*UTF8*$!
{
	archiveVersion = 1;
	classes = {
	};
	objectVersion = 46;
	objects = {

/* Begin PBXBuildFile section */
		66AB5AB31B904D020010D017 /* AppDelegate.swift in Sources */ = {isa = PBXBuildFile; fileRef = 66AB5AB21B904D020010D017 /* AppDelegate.swift */; };
		66AB5AB51B904D020010D017 /* ViewController.swift in Sources */ = {isa = PBXBuildFile; fileRef = 66AB5AB41B904D020010D017 /* ViewController.swift */; };
		66AB5AB81B904D020010D017 /* Main.storyboard in Resources */ = {isa = PBXBuildFile; fileRef = 66AB5AB61B904D020010D017 /* Main.storyboard */; };
		66AB5ABA1B904D020010D017 /* Images.xcassets in Resources */ = {isa = PBXBuildFile; fileRef = 66AB5AB91B904D020010D017 /* Images.xcassets */; };
		66AB5ABD1B904D020010D017 /* LaunchScreen.xib in Resources */ = {isa = PBXBuildFile; fileRef = 66AB5ABB1B904D020010D017 /* LaunchScreen.xib */; };
		66AB5AC91B904D020010D017 /* TingurTests.swift in Sources */ = {isa = PBXBuildFile; fileRef = 66AB5AC81B904D020010D017 /* TingurTests.swift */; };
/* End PBXBuildFile section */

/* Begin PBXContainerItemProxy section */
		66AB5AC31B904D020010D017 /* PBXContainerItemProxy */ = {
			isa = PBXContainerItemProxy;
			containerPortal = 66AB5AA51B904D020010D017 /* Project object */;
			proxyType = 1;
			remoteGlobalIDString = 66AB5AAC1B904D020010D017;
			remoteInfo = Tingur;
		};
/* End PBXContainerItemProxy section */

/* Begin PBXFileReference section */
		66AB5AAD1B904D020010D017 /* Tingur.app */ = {isa = PBXFileReference; explicitFileType = wrapper.application; includeInIndex = 0; path = Tingur.app; sourceTree = BUILT_PRODUCTS_DIR; };
		66AB5AB11B904D020010D017 /* Info.plist */ = {isa = PBXFileReference; lastKnownFileType = text.plist.xml; path = Info.plist; sourceTree = "<group>"; };
		66AB5AB21B904D020010D017 /* AppDelegate.swift */ = {isa = PBXFileReference; lastKnownFileType = sourcecode.swift; path = AppDelegate.swift; sourceTree = "<group>"; };
		66AB5AB41B904D020010D017 /* ViewController.swift */ = {isa = PBXFileReference; lastKnownFileType = sourcecode.swift; path = ViewController.swift; sourceTree = "<group>"; };
		66AB5AB71B904D020010D017 /* Base */ = {isa = PBXFileReference; lastKnownFileType = file.storyboard; name = Base; path = Base.lproj/Main.storyboard; sourceTree = "<group>"; };
		66AB5AB91B904D020010D017 /* Images.xcassets */ = {isa = PBXFileReference; lastKnownFileType = folder.assetcatalog; path = Images.xcassets; sourceTree = "<group>"; };
		66AB5ABC1B904D020010D017 /* Base */ = {isa = PBXFileReference; lastKnownFileType = file.xib; name = Base; path = Base.lproj/LaunchScreen.xib; sourceTree = "<group>"; };
		66AB5AC21B904D020010D017 /* TingurTests.xctest */ = {isa = PBXFileReference; explicitFileType = wrapper.cfbundle; includeInIndex = 0; path = TingurTests.xctest; sourceTree = BUILT_PRODUCTS_DIR; };
		66AB5AC71B904D020010D017 /* Info.plist */ = {isa = PBXFileReference; lastKnownFileType = text.plist.xml; path = Info.plist; sourceTree = "<group>"; };
		66AB5AC81B904D020010D017 /* TingurTests.swift */ = {isa = PBXFileReference; lastKnownFileType = sourcecode.swift; path = TingurTests.swift; sourceTree = "<group>"; };
/* End PBXFileReference section */

/* Begin PBXFrameworksBuildPhase section */
		66AB5AAA1B904D020010D017 /* Frameworks */ = {
			isa = PBXFrameworksBuildPhase;
			buildActionMask = 2147483647;
			files = (
			);
			runOnlyForDeploymentPostprocessing = 0;
		};
		66AB5ABF1B904D020010D017 /* Frameworks */ = {
			isa = PBXFrameworksBuildPhase;
			buildActionMask = 2147483647;
			files = (
			);
			runOnlyForDeploymentPostprocessing = 0;
		};
/* End PBXFrameworksBuildPhase section */

/* Begin PBXGroup section */
		66AB5AA41B904D020010D017 = {
			isa = PBXGroup;
			children = (
				66AB5AAF1B904D020010D017 /* Tingur */,
				66AB5AC51B904D020010D017 /* TingurTests */,
				66AB5AAE1B904D020010D017 /* Products */,
			);
			sourceTree = "<group>";
		};
		66AB5AAE1B904D020010D017 /* Products */ = {
			isa = PBXGroup;
			children = (
				66AB5AAD1B904D020010D017 /* Tingur.app */,
				66AB5AC21B904D020010D017 /* TingurTests.xctest */,
			);
			name = Products;
			sourceTree = "<group>";
		};
		66AB5AAF1B904D020010D017 /* Tingur */ = {
			isa = PBXGroup;
			children = (
				66AB5AB21B904D020010D017 /* AppDelegate.swift */,
				66AB5AB41B904D020010D017 /* ViewController.swift */,
				66AB5AB61B904D020010D017 /* Main.storyboard */,
				66AB5AB91B904D020010D017 /* Images.xcassets */,
				66AB5ABB1B904D020010D017 /* LaunchScreen.xib */,
				66AB5AB01B904D020010D017 /* Supporting Files */,
			);
			path = Tingur;
			sourceTree = "<group>";
		};
		66AB5AB01B904D020010D017 /* Supporting Files */ = {
			isa = PBXGroup;
			children = (
				66AB5AB11B904D020010D017 /* Info.plist */,
			);
			name = "Supporting Files";
			sourceTree = "<group>";
		};
		66AB5AC51B904D020010D017 /* TingurTests */ = {
			isa = PBXGroup;
			children = (
				66AB5AC81B904D020010D017 /* TingurTests.swift */,
				66AB5AC61B904D020010D017 /* Supporting Files */,
			);
			path = TingurTests;
			sourceTree = "<group>";
		};
		66AB5AC61B904D020010D017 /* Supporting Files */ = {
			isa = PBXGroup;
			children = (
				66AB5AC71B904D020010D017 /* Info.plist */,
			);
			name = "Supporting Files";
			sourceTree = "<group>";
		};
/* End PBXGroup section */

/* Begin PBXNativeTarget section */
		66AB5AAC1B904D020010D017 /* Tingur */ = {
			isa = PBXNativeTarget;
			buildConfigurationList = 66AB5ACC1B904D020010D017 /* Build configuration list for PBXNativeTarget "Tingur" */;
			buildPhases = (
				66AB5AA91B904D020010D017 /* Sources */,
				66AB5AAA1B904D020010D017 /* Frameworks */,
				66AB5AAB1B904D020010D017 /* Resources */,
			);
			buildRules = (
			);
			dependencies = (
			);
			name = Tingur;
			productName = Tingur;
			productReference = 66AB5AAD1B904D020010D017 /* Tingur.app */;
			productType = "com.apple.product-type.application";
		};
		66AB5AC11B904D020010D017 /* TingurTests */ = {
			isa = PBXNativeTarget;
			buildConfigurationList = 66AB5ACF1B904D020010D017 /* Build configuration list for PBXNativeTarget "TingurTests" */;
			buildPhases = (
				66AB5ABE1B904D020010D017 /* Sources */,
				66AB5ABF1B904D020010D017 /* Frameworks */,
				66AB5AC01B904D020010D017 /* Resources */,
			);
			buildRules = (
			);
			dependencies = (
				66AB5AC41B904D020010D017 /* PBXTargetDependency */,
			);
			name = TingurTests;
			productName = TingurTests;
			productReference = 66AB5AC21B904D020010D017 /* TingurTests.xctest */;
			productType = "com.apple.product-type.bundle.unit-test";
		};
/* End PBXNativeTarget section */

/* Begin PBXProject section */
		66AB5AA51B904D020010D017 /* Project object */ = {
			isa = PBXProject;
			attributes = {
				LastUpgradeCheck = 0630;
				ORGANIZATIONNAME = "Adam Dierkens";
				TargetAttributes = {
					66AB5AAC1B904D020010D017 = {
						CreatedOnToolsVersion = 6.3;
					};
					66AB5AC11B904D020010D017 = {
						CreatedOnToolsVersion = 6.3;
						TestTargetID = 66AB5AAC1B904D020010D017;
					};
				};
			};
			buildConfigurationList = 66AB5AA81B904D020010D017 /* Build configuration list for PBXProject "Tingur" */;
			compatibilityVersion = "Xcode 3.2";
			developmentRegion = English;
			hasScannedForEncodings = 0;
			knownRegions = (
				en,
				Base,
			);
			mainGroup = 66AB5AA41B904D020010D017;
			productRefGroup = 66AB5AAE1B904D020010D017 /* Products */;
			projectDirPath = "";
			projectRoot = "";
			targets = (
				66AB5AAC1B904D020010D017 /* Tingur */,
				66AB5AC11B904D020010D017 /* TingurTests */,
			);
		};
/* End PBXProject section */

/* Begin PBXResourcesBuildPhase section */
		66AB5AAB1B904D020010D017 /* Resources */ = {
			isa = PBXResourcesBuildPhase;
			buildActionMask = 2147483647;
			files = (
				66AB5AB81B904D020010D017 /* Main.storyboard in Resources */,
				66AB5ABD1B904D020010D017 /* LaunchScreen.xib in Resources */,
				66AB5ABA1B904D020010D017 /* Images.xcassets in Resources */,
			);
			runOnlyForDeploymentPostprocessing = 0;
		};
		66AB5AC01B904D020010D017 /* Resources */ = {
			isa = PBXResourcesBuildPhase;
			buildActionMask = 2147483647;
			files = (
			);
			runOnlyForDeploymentPostprocessing = 0;
		};
/* End PBXResourcesBuildPhase section */

/* Begin PBXSourcesBuildPhase section */
		66AB5AA91B904D020010D017 /* Sources */ = {
			isa = PBXSourcesBuildPhase;
			buildActionMask = 2147483647;
			files = (
				66AB5AB51B904D020010D017 /* ViewController.swift in Sources */,
				66AB5AB31B904D020010D017 /* AppDelegate.swift in Sources */,
			);
			runOnlyForDeploymentPostprocessing = 0;
		};
		66AB5ABE1B904D020010D017 /* Sources */ = {
			isa = PBXSourcesBuildPhase;
			buildActionMask = 2147483647;
			files = (
				66AB5AC91B904D020010D017 /* TingurTests.swift in Sources */,
			);
			runOnlyForDeploymentPostprocessing = 0;
		};
/* End PBXSourcesBuildPhase section */

/* Begin PBXTargetDependency section */
		66AB5AC41B904D020010D017 /* PBXTargetDependency */ = {
			isa = PBXTargetDependency;
			target = 66AB5AAC1B904D020010D017 /* Tingur */;
			targetProxy = 66AB5AC31B904D020010D017 /* PBXContainerItemProxy */;
		};
/* End PBXTargetDependency section */

/* Begin PBXVariantGroup section */
		66AB5AB61B904D020010D017 /* Main.storyboard */ = {
			isa = PBXVariantGroup;
			children = (
				66AB5AB71B904D020010D017 /* Base */,
			);
			name = Main.storyboard;
			sourceTree = "<group>";
		};
		66AB5ABB1B904D020010D017 /* LaunchScreen.xib */ = {
			isa = PBXVariantGroup;
			children = (
				66AB5ABC1B904D020010D017 /* Base */,
			);
			name = LaunchScreen.xib;
			sourceTree = "<group>";
		};
/* End PBXVariantGroup section */

/* Begin XCBuildConfiguration section */
		66AB5ACA1B904D020010D017 /* Debug */ = {
			isa = XCBuildConfiguration;
			buildSettings = {
				ALWAYS_SEARCH_USER_PATHS = NO;
				CLANG_CXX_LANGUAGE_STANDARD = "gnu++0x";
				CLANG_CXX_LIBRARY = "libc++";
				CLANG_ENABLE_MODULES = YES;
				CLANG_ENABLE_OBJC_ARC = YES;
				CLANG_WARN_BOOL_CONVERSION = YES;
				CLANG_WARN_CONSTANT_CONVERSION = YES;
				CLANG_WARN_DIRECT_OBJC_ISA_USAGE = YES_ERROR;
				CLANG_WARN_EMPTY_BODY = YES;
				CLANG_WARN_ENUM_CONVERSION = YES;
				CLANG_WARN_INT_CONVERSION = YES;
				CLANG_WARN_OBJC_ROOT_CLASS = YES_ERROR;
				CLANG_WARN_UNREACHABLE_CODE = YES;
				CLANG_WARN__DUPLICATE_METHOD_MATCH = YES;
				"CODE_SIGN_IDENTITY[sdk=iphoneos*]" = "iPhone Developer";
				COPY_PHASE_STRIP = NO;
				DEBUG_INFORMATION_FORMAT = "dwarf-with-dsym";
				ENABLE_STRICT_OBJC_MSGSEND = YES;
				GCC_C_LANGUAGE_STANDARD = gnu99;
				GCC_DYNAMIC_NO_PIC = NO;
				GCC_NO_COMMON_BLOCKS = YES;
				GCC_OPTIMIZATION_LEVEL = 0;
				GCC_PREPROCESSOR_DEFINITIONS = (
					"DEBUG=1",
					"$(inherited)",
				);
				GCC_SYMBOLS_PRIVATE_EXTERN = NO;
				GCC_WARN_64_TO_32_BIT_CONVERSION = YES;
				GCC_WARN_ABOUT_RETURN_TYPE = YES_ERROR;
				GCC_WARN_UNDECLARED_SELECTOR = YES;
				GCC_WARN_UNINITIALIZED_AUTOS = YES_AGGRESSIVE;
				GCC_WARN_UNUSED_FUNCTION = YES;
				GCC_WARN_UNUSED_VARIABLE = YES;
				IPHONEOS_DEPLOYMENT_TARGET = 8.3;
				MTL_ENABLE_DEBUG_INFO = YES;
				ONLY_ACTIVE_ARCH = YES;
				SDKROOT = iphoneos;
				SWIFT_OPTIMIZATION_LEVEL = "-Onone";
			};
			name = Debug;
		};
		66AB5ACB1B904D020010D017 /* Release */ = {
			isa = XCBuildConfiguration;
			buildSettings = {
				ALWAYS_SEARCH_USER_PATHS = NO;
				CLANG_CXX_LANGUAGE_STANDARD = "gnu++0x";
				CLANG_CXX_LIBRARY = "libc++";
				CLANG_ENABLE_MODULES = YES;
				CLANG_ENABLE_OBJC_ARC = YES;
				CLANG_WARN_BOOL_CONVERSION = YES;
				CLANG_WARN_CONSTANT_CONVERSION = YES;
				CLANG_WARN_DIRECT_OBJC_ISA_USAGE = YES_ERROR;
				CLANG_WARN_EMPTY_BODY = YES;
				CLANG_WARN_ENUM_CONVERSION = YES;
				CLANG_WARN_INT_CONVERSION = YES;
				CLANG_WARN_OBJC_ROOT_CLASS = YES_ERROR;
				CLANG_WARN_UNREACHABLE_CODE = YES;
				CLANG_WARN__DUPLICATE_METHOD_MATCH = YES;
				"CODE_SIGN_IDENTITY[sdk=iphoneos*]" = "iPhone Developer";
				COPY_PHASE_STRIP = NO;
				DEBUG_INFORMATION_FORMAT = "dwarf-with-dsym";
				ENABLE_NS_ASSERTIONS = NO;
				ENABLE_STRICT_OBJC_MSGSEND = YES;
				GCC_C_LANGUAGE_STANDARD = gnu99;
				GCC_NO_COMMON_BLOCKS = YES;
				GCC_WARN_64_TO_32_BIT_CONVERSION = YES;
				GCC_WARN_ABOUT_RETURN_TYPE = YES_ERROR;
				GCC_WARN_UNDECLARED_SELECTOR = YES;
				GCC_WARN_UNINITIALIZED_AUTOS = YES_AGGRESSIVE;
				GCC_WARN_UNUSED_FUNCTION = YES;
				GCC_WARN_UNUSED_VARIABLE = YES;
				IPHONEOS_DEPLOYMENT_TARGET = 8.3;
				MTL_ENABLE_DEBUG_INFO = NO;
				SDKROOT = iphoneos;
				VALIDATE_PRODUCT = YES;
			};
			name = Release;
		};
		66AB5ACD1B904D020010D017 /* Debug */ = {
			isa = XCBuildConfiguration;
			buildSettings = {
				ASSETCATALOG_COMPILER_APPICON_NAME = AppIcon;
				INFOPLIST_FILE = Tingur/Info.plist;
				LD_RUNPATH_SEARCH_PATHS = "$(inherited) @executable_path/Frameworks";
				PRODUCT_NAME = "$(TARGET_NAME)";
			};
			name = Debug;
		};
		66AB5ACE1B904D020010D017 /* Release */ = {
			isa = XCBuildConfiguration;
			buildSettings = {
				ASSETCATALOG_COMPILER_APPICON_NAME = AppIcon;
				INFOPLIST_FILE = Tingur/Info.plist;
				LD_RUNPATH_SEARCH_PATHS = "$(inherited) @executable_path/Frameworks";
				PRODUCT_NAME = "$(TARGET_NAME)";
			};
			name = Release;
		};
		66AB5AD01B904D020010D017 /* Debug */ = {
			isa = XCBuildConfiguration;
			buildSettings = {
				BUNDLE_LOADER = "$(TEST_HOST)";
				FRAMEWORK_SEARCH_PATHS = (
					"$(SDKROOT)/Developer/Library/Frameworks",
					"$(inherited)",
				);
				GCC_PREPROCESSOR_DEFINITIONS = (
					"DEBUG=1",
					"$(inherited)",
				);
				INFOPLIST_FILE = TingurTests/Info.plist;
				LD_RUNPATH_SEARCH_PATHS = "$(inherited) @executable_path/Frameworks @loader_path/Frameworks";
				PRODUCT_NAME = "$(TARGET_NAME)";
				TEST_HOST = "$(BUILT_PRODUCTS_DIR)/Tingur.app/Tingur";
			};
			name = Debug;
		};
		66AB5AD11B904D020010D017 /* Release */ = {
			isa = XCBuildConfiguration;
			buildSettings = {
				BUNDLE_LOADER = "$(TEST_HOST)";
				FRAMEWORK_SEARCH_PATHS = (
					"$(SDKROOT)/Developer/Library/Frameworks",
					"$(inherited)",
				);
				INFOPLIST_FILE = TingurTests/Info.plist;
				LD_RUNPATH_SEARCH_PATHS = "$(inherited) @executable_path/Frameworks @loader_path/Frameworks";
				PRODUCT_NAME = "$(TARGET_NAME)";
				TEST_HOST = "$(BUILT_PRODUCTS_DIR)/Tingur.app/Tingur";
			};
			name = Release;
		};
/* End XCBuildConfiguration section */

/* Begin XCConfigurationList section */
		66AB5AA81B904D020010D017 /* Build configuration list for PBXProject "Tingur" */ = {
			isa = XCConfigurationList;
			buildConfigurations = (
				66AB5ACA1B904D020010D017 /* Debug */,
				66AB5ACB1B904D020010D017 /* Release */,
			);
			defaultConfigurationIsVisible = 0;
			defaultConfigurationName = Release;
		};
		66AB5ACC1B904D020010D017 /* Build configuration list for PBXNativeTarget "Tingur" */ = {
			isa = XCConfigurationList;
			buildConfigurations = (
				66AB5ACD1B904D020010D017 /* Debug */,
				66AB5ACE1B904D020010D017 /* Release */,
			);
			defaultConfigurationIsVisible = 0;
		};
		66AB5ACF1B904D020010D017 /* Build configuration list for PBXNativeTarget "TingurTests" */ = {
			isa = XCConfigurationList;
			buildConfigurations = (
				66AB5AD01B904D020010D017 /* Debug */,
				66AB5AD11B904D020010D017 /* Release */,
			);
			defaultConfigurationIsVisible = 0;
		};
/* End XCConfigurationList section */
	};
	rootObject = 66AB5AA51B904D020010D017 /* Project object */;
}
